github.com/cloudflare/circl v1.6.5 h1:O64F26HEqNhznd/hrC5KZXVKYuKM2rx4deZDTc4ihQA=
github.com/cloudflare/circl v1.6.5/go.mod h1:h5LNyxAc5nTue9DS5jT+48en2PSDYt3zdGnz5OstK6c=
github.com/darui3018823/opus v1.4.1 h1:lyCmPkmcMwYu+f375utjfPG9b30r+l0X4GGHBUl7PDI=
github.com/darui3018823/opus v1.4.1/go.mod h1:YHD24DJs1HzqHm0jUyM6p4Ev2GWas1t+5HmfUPA1oq4=
github.com/gorilla/websocket v1.5.3 h1:saDtZ6Pbx/0u+bgYQ3q96pZgCzfhKXGPqt7kZ72aNNg=
github.com/gorilla/websocket v1.5.3/go.mod h1:YR8l580nyteQvAITg2hZ9XVh4b55+EU/adAjf1fMHhE=
github.com/thomas-vilte/mls-go v1.6.0 h1:HGxrRe0kRfEAXu7MtTemNzqGmC/758rfGkarhYGPOYg=
github.com/thomas-vilte/mls-go v1.6.0/go.mod h1:Cxl407ecAW94wwYLOycpQUp0UyfBk6dNmvs1hkw2yLg=
golang.org/x/crypto v0.56.0 h1:GUh5Ii4J5jtcseSMiRqr1jXCNHoxjeV9Fmekc2oLy6Y=
golang.org/x/crypto v0.56.0/go.mod h1:OMW5y6CY9l38uPLmxU6l6pwcXp1obtLo3e6gT7gQR2I=
golang.org/x/sys v0.47.0 h1:o7XGOvZQCADBQQ4Y7VNq2dRWQR7JmOUW8Kxx4ZsNgWs=
golang.org/x/sys v0.47.0/go.mod h1:4GL1E5IUh+htKOUEOaiffhrAeqysfVGipDYzABqnCmw=
